// !$*UTF8*$!
{
	archiveVersion = 1;
	classes = {
	};
	objectVersion = 46;
	objects = {

/* Begin PBXBuildFile section */
		8B67B7841EDF3D1800CCB309 /* AppDelegate.swift in Sources */ = {isa = PBXBuildFile; fileRef = 8B67B7831EDF3D1800CCB309 /* AppDelegate.swift */; };
		8B67B7861EDF3D1800CCB309 /* ViewController.swift in Sources */ = {isa = PBXBuildFile; fileRef = 8B67B7851EDF3D1800CCB309 /* ViewController.swift */; };
		8B67B7891EDF3D1800CCB309 /* Main.storyboard in Resources */ = {isa = PBXBuildFile; fileRef = 8B67B7871EDF3D1800CCB309 /* Main.storyboard */; };
		8B67B78B1EDF3D1900CCB309 /* Assets.xcassets in Resources */ = {isa = PBXBuildFile; fileRef = 8B67B78A1EDF3D1900CCB309 /* Assets.xcassets */; };
		8B67B78E1EDF3D1900CCB309 /* LaunchScreen.storyboard in Resources */ = {isa = PBXBuildFile; fileRef = 8B67B78C1EDF3D1900CCB309 /* LaunchScreen.storyboard */; };
/* End PBXBuildFile section */

/* Begin PBXFileReference section */
		8B67B7801EDF3D1800CCB309 /* Light1234.app */ = {isa = PBXFileReference; explicitFileType = wrapper.application; includeInIndex = 0; path = Light1234.app; sourceTree = BUILT_PRODUCTS_DIR; };
		8B67B7831EDF3D1800CCB309 /* AppDelegate.swift */ = {isa = PBXFileReference; lastKnownFileType = sourcecode.swift; path = AppDelegate.swift; sourceTree = "<group>"; };
		8B67B7851EDF3D1800CCB309 /* ViewController.swift */ = {isa = PBXFileReference; lastKnownFileType = sourcecode.swift; path = ViewController.swift; sourceTree = "<group>"; };
		8B67B7881EDF3D1800CCB309 /* Base */ = {isa = PBXFileReference; lastKnownFileType = file.storyboard; name = Base; path = Base.lproj/Main.storyboard; sourceTree = "<group>"; };
		8B67B78A1EDF3D1900CCB309 /* Assets.xcassets */ = {isa = PBXFileReference; lastKnownFileType = folder.assetcatalog; path = Assets.xcassets; sourceTree = "<group>"; };
		8B67B78D1EDF3D1900CCB309 /* Base */ = {isa = PBXFileReference; lastKnownFileType = file.storyboard; name = Base; path = Base.lproj/LaunchScreen.storyboard; sourceTree = "<group>"; };
		8B67B78F1EDF3D1900CCB309 /* Info.plist */ = {isa = PBXFileReference; lastKnownFileType = text.plist.xml; path = Info.plist; sourceTree = "<group>"; };
/* End PBXFileReference section */

/* Begin PBXFrameworksBuildPhase section */
		8B67B77D1EDF3D1800CCB309 /* Frameworks */ = {
			isa = PBXFrameworksBuildPhase;
			buildActionMask = 2147483647;
			files = (
			);
			runOnlyForDeploymentPostprocessing = 0;
		};
/* End PBXFrameworksBuildPhase section */

/* Begin PBXGroup section */
		8B67B7771EDF3D1800CCB309 = {
			isa = PBXGroup;
			children = (
				8B67B7821EDF3D1800CCB309 /* Light1234 */,
				8B67B7811EDF3D1800CCB309 /* Products */,
			);
			sourceTree = "<group>";
		};
		8B67B7811EDF3D1800CCB309 /* Products */ = {
			isa = PBXGroup;
			children = (
				8B67B7801EDF3D1800CCB309 /* Light1234.app */,
			);
			name = Products;
			sourceTree = "<group>";
		};
		8B67B7821EDF3D1800CCB309 /* Light1234 */ = {
			isa = PBXGroup;
			children = (
				8B67B7831EDF3D1800CCB309 /* AppDelegate.swift */,
				8B67B7851EDF3D1800CCB309 /* ViewController.swift */,
				8B67B7871EDF3D1800CCB309 /* Main.storyboard */,
				8B67B78A1EDF3D1900CCB309 /* Assets.xcassets */,
				8B67B78C1EDF3D1900CCB309 /* LaunchScreen.storyboard */,
				8B67B78F1EDF3D1900CCB309 /* Info.plist */,
			);
			path = Light1234;
			sourceTree = "<group>";
		};
/* End PBXGroup section */

/* Begin PBXNativeTarget section */
		8B67B77F1EDF3D1800CCB309 /* Light1234 */ = {
			isa = PBXNativeTarget;
			buildConfigurationList = 8B67B7921EDF3D1900CCB309 /* Build configuration list for PBXNativeTarget "Light1234" */;
			buildPhases = (
				8B67B77C1EDF3D1800CCB309 /* Sources */,
				8B67B77D1EDF3D1800CCB309 /* Frameworks */,
				8B67B77E1EDF3D1800CCB309 /* Resources */,
			);
			buildRules = (
			);
			dependencies = (
			);
			name = Light1234;
			productName = Light1234;
			productReference = 8B67B7801EDF3D1800CCB309 /* Light1234.app */;
			productType = "com.apple.product-type.application";
		};
/* End PBXNativeTarget section */

/* Begin PBXProject section */
		8B67B7781EDF3D1800CCB309 /* Project object */ = {
			isa = PBXProject;
			attributes = {
				LastSwiftUpdateCheck = 0830;
				LastUpgradeCheck = 0830;
				ORGANIZATIONNAME = AndersonCoding;
				TargetAttributes = {
					8B67B77F1EDF3D1800CCB309 = {
						CreatedOnToolsVersion = 8.3.2;
						DevelopmentTeam = WJF68UAPXP;
						ProvisioningStyle = Automatic;
					};
				};
			};
			buildConfigurationList = 8B67B77B1EDF3D1800CCB309 /* Build configuration list for PBXProject "Light1234" */;
			compatibilityVersion = "Xcode 3.2";
			developmentRegion = English;
			hasScannedForEncodings = 0;
			knownRegions = (
				en,
				Base,
			);
			mainGroup = 8B67B7771EDF3D1800CCB309;
			productRefGroup = 8B67B7811EDF3D1800CCB309 /* Products */;
			projectDirPath = "";
			projectRoot = "";
			targets = (
				8B67B77F1EDF3D1800CCB309 /* Light1234 */,
			);
		};
/* End PBXProject section */

/* Begin PBXResourcesBuildPhase section */
		8B67B77E1EDF3D1800CCB309 /* Resources */ = {
			isa = PBXResourcesBuildPhase;
			buildActionMask = 2147483647;
			files = (
				8B67B78E1EDF3D1900CCB309 /* LaunchScreen.storyboard in Resources */,
				8B67B78B1EDF3D1900CCB309 /* Assets.xcassets in Resources */,
				8B67B7891EDF3D1800CCB309 /* Main.storyboard in Resources */,
			);
			runOnlyForDeploymentPostprocessing = 0;
		};
/* End PBXResourcesBuildPhase section */

/* Begin PBXSourcesBuildPhase section */
		8B67B77C1EDF3D1800CCB309 /* Sources */ = {
			isa = PBXSourcesBuildPhase;
			buildActionMask = 2147483647;
			files = (
				8B67B7861EDF3D1800CCB309 /* ViewController.swift in Sources */,
				8B67B7841EDF3D1800CCB309 /* AppDelegate.swift in Sources */,
			);
			runOnlyForDeploymentPostprocessing = 0;
		};
/* End PBXSourcesBuildPhase section */

/* Begin PBXVariantGroup section */
		8B67B7871EDF3D1800CCB309 /* Main.storyboard */ = {
			isa = PBXVariantGroup;
			children = (
				8B67B7881EDF3D1800CCB309 /* Base */,
			);
			name = Main.storyboard;
			sourceTree = "<group>";
		};
		8B67B78C1EDF3D1900CCB309 /* LaunchScreen.storyboard */ = {
			isa = PBXVariantGroup;
			children = (
				8B67B78D1EDF3D1900CCB309 /* Base */,
			);
			name = LaunchScreen.storyboard;
			sourceTree = "<group>";
		};
/* End PBXVariantGroup section */

/* Begin XCBuildConfiguration section */
		8B67B7901EDF3D1900CCB309 /* Debug */ = {
			isa = XCBuildConfiguration;
			buildSettings = {
				ALWAYS_SEARCH_USER_PATHS = NO;
				CLANG_ANALYZER_NONNULL = YES;
				CLANG_ANALYZER_NUMBER_OBJECT_CONVERSION = YES_AGGRESSIVE;
				CLANG_CXX_LANGUAGE_STANDARD = "gnu++0x";
				CLANG_CXX_LIBRARY = "libc++";
				CLANG_ENABLE_MODULES = YES;
				CLANG_ENABLE_OBJC_ARC = YES;
				CLANG_WARN_BOOL_CONVERSION = YES;
				CLANG_WARN_CONSTANT_CONVERSION = YES;
				CLANG_WARN_DIRECT_OBJC_ISA_USAGE = YES_ERROR;
				CLANG_WARN_DOCUMENTATION_COMMENTS = YES;
				CLANG_WARN_EMPTY_BODY = YES;
				CLANG_WARN_ENUM_CONVERSION = YES;
				CLANG_WARN_INFINITE_RECURSION = YES;
				CLANG_WARN_INT_CONVERSION = YES;
				CLANG_WARN_OBJC_ROOT_CLASS = YES_ERROR;
				CLANG_WARN_SUSPICIOUS_MOVE = YES;
				CLANG_WARN_UNREACHABLE_CODE = YES;
				CLANG_WARN__DUPLICATE_METHOD_MATCH = YES;
				"CODE_SIGN_IDENTITY[sdk=iphoneos*]" = "iPhone Developer";
				COPY_PHASE_STRIP = NO;
				DEBUG_INFORMATION_FORMAT = dwarf;
				ENABLE_STRICT_OBJC_MSGSEND = YES;
				ENABLE_TESTABILITY = YES;
				GCC_C_LANGUAGE_STANDARD = gnu99;
				GCC_DYNAMIC_NO_PIC = NO;
				GCC_NO_COMMON_BLOCKS = YES;
				GCC_OPTIMIZATION_LEVEL = 0;
				GCC_PREPROCESSOR_DEFINITIONS = (
					"DEBUG=1",
					"$(inherited)",
				);
				GCC_WARN_64_TO_32_BIT_CONVERSION = YES;
				GCC_WARN_ABOUT_RETURN_TYPE = YES_ERROR;
				GCC_WARN_UNDECLARED_SELECTOR = YES;
				GCC_WARN_UNINITIALIZED_AUTOS = YES_AGGRESSIVE;
				GCC_WARN_UNUSED_FUNCTION = YES;
				GCC_WARN_UNUSED_VARIABLE = YES;
				IPHONEOS_DEPLOYMENT_TARGET = 10.3;
				MTL_ENABLE_DEBUG_INFO = YES;
				ONLY_ACTIVE_ARCH = YES;
				SDKROOT = iphoneos;
				SWIFT_ACTIVE_COMPILATION_CONDITIONS = DEBUG;
				SWIFT_OPTIMIZATION_LEVEL = "-Onone";
				TARGETED_DEVICE_FAMILY = "1,2";
			};
			name = Debug;
		};
		8B67B7911EDF3D1900CCB309 /* Release */ = {
			isa = XCBuildConfiguration;
			buildSettings = {
				ALWAYS_SEARCH_USER_PATHS = NO;
				CLANG_ANALYZER_NONNULL = YES;
				CLANG_ANALYZER_NUMBER_OBJECT_CONVERSION = YES_AGGRESSIVE;
				CLANG_CXX_LANGUAGE_STANDARD = "gnu++0x";
				CLANG_CXX_LIBRARY = "libc++";
				CLANG_ENABLE_MODULES = YES;
				CLANG_ENABLE_OBJC_ARC = YES;
				CLANG_WARN_BOOL_CONVERSION = YES;
				CLANG_WARN_CONSTANT_CONVERSION = YES;
				CLANG_WARN_DIRECT_OBJC_ISA_USAGE = YES_ERROR;
				CLANG_WARN_DOCUMENTATION_COMMENTS = YES;
				CLANG_WARN_EMPTY_BODY = YES;
				CLANG_WARN_ENUM_CONVERSION = YES;
				CLANG_WARN_INFINITE_RECURSION = YES;
				CLANG_WARN_INT_CONVERSION = YES;
				CLANG_WARN_OBJC_ROOT_CLASS = YES_ERROR;
				CLANG_WARN_SUSPICIOUS_MOVE = YES;
				CLANG_WARN_UNREACHABLE_CODE = YES;
				CLANG_WARN__DUPLICATE_METHOD_MATCH = YES;
				"CODE_SIGN_IDENTITY[sdk=iphoneos*]" = "iPhone Developer";
				COPY_PHASE_STRIP = NO;
				DEBUG_INFORMATION_FORMAT = "dwarf-with-dsym";
				ENABLE_NS_ASSERTIONS = NO;
				ENABLE_STRICT_OBJC_MSGSEND = YES;
				GCC_C_LANGUAGE_STANDARD = gnu99;
				GCC_NO_COMMON_BLOCKS = YES;
				GCC_WARN_64_TO_32_BIT_CONVERSION = YES;
				GCC_WARN_ABOUT_RETURN_TYPE = YES_ERROR;
				GCC_WARN_UNDECLARED_SELECTOR = YES;
				GCC_WARN_UNINITIALIZED_AUTOS = YES_AGGRESSIVE;
				GCC_WARN_UNUSED_FUNCTION = YES;
				GCC_WARN_UNUSED_VARIABLE = YES;
				IPHONEOS_DEPLOYMENT_TARGET = 10.3;
				MTL_ENABLE_DEBUG_INFO = NO;
				SDKROOT = iphoneos;
				SWIFT_OPTIMIZATION_LEVEL = "-Owholemodule";
				TARGETED_DEVICE_FAMILY = "1,2";
				VALIDATE_PRODUCT = YES;
			};
			name = Release;
		};
		8B67B7931EDF3D1900CCB309 /* Debug */ = {
			isa = XCBuildConfiguration;
			buildSettings = {
				ASSETCATALOG_COMPILER_APPICON_NAME = AppIcon;
				DEVELOPMENT_TEAM = WJF68UAPXP;
				INFOPLIST_FILE = Light1234/Info.plist;
				LD_RUNPATH_SEARCH_PATHS = "$(inherited) @executable_path/Frameworks";
				PRODUCT_BUNDLE_IDENTIFIER = com.example.Light1234;
				PRODUCT_NAME = "$(TARGET_NAME)";
				SWIFT_VERSION = 3.0;
			};
			name = Debug;
		};
		8B67B7941EDF3D1900CCB309 /* Release */ = {
			isa = XCBuildConfiguration;
			buildSettings = {
				ASSETCATALOG_COMPILER_APPICON_NAME = AppIcon;
				DEVELOPMENT_TEAM = WJF68UAPXP;
				INFOPLIST_FILE = Light1234/Info.plist;
				LD_RUNPATH_SEARCH_PATHS = "$(inherited) @executable_path/Frameworks";
				PRODUCT_BUNDLE_IDENTIFIER = com.example.Light1234;
				PRODUCT_NAME = "$(TARGET_NAME)";
				SWIFT_VERSION = 3.0;
			};
			name = Release;
		};
/* End XCBuildConfiguration section */

/* Begin XCConfigurationList section */
		8B67B77B1EDF3D1800CCB309 /* Build configuration list for PBXProject "Light1234" */ = {
			isa = XCConfigurationList;
			buildConfigurations = (
				8B67B7901EDF3D1900CCB309 /* Debug */,
				8B67B7911EDF3D1900CCB309 /* Release */,
			);
			defaultConfigurationIsVisible = 0;
			defaultConfigurationName = Release;
		};
		8B67B7921EDF3D1900CCB309 /* Build configuration list for PBXNativeTarget "Light1234" */ = {
			isa = XCConfigurationList;
			buildConfigurations = (
				8B67B7931EDF3D1900CCB309 /* Debug */,
				8B67B7941EDF3D1900CCB309 /* Release */,
			);
			defaultConfigurationIsVisible = 0;
		};
/* End XCConfigurationList section */
	};
	rootObject = 8B67B7781EDF3D1800CCB309 /* Project object */;
}
